
Microsoft Visual Studio Solution File, Format Version 12.00
# Visual Studio Version 17
VisualStudioVersion = 17.6.33829.357
MinimumVisualStudioVersion = 10.0.40219.1
Project("{9A19103F-16F7-4668-BE54-9A1E7A4F7556}") = "MemberManagement", "MemberManagement\MemberManagement.csproj", "{40265D53-2B9E-4BE8-87B9-621EFE458189}"
EndProject
Project("{FAE04EC0-301F-11D3-BF4B-00C04F79EFBC}") = "MemberManagement.DataAccess", "Project.DataAccess\MemberManagement.DataAccess.csproj", "{4474F7A3-D390-440D-AE3F-76F5C98953BF}"
EndProject
Project("{FAE04EC0-301F-11D3-BF4B-00C04F79EFBC}") = "MemberManagement.Models", "MemberManagement.Models\MemberManagement.Models.csproj", "{A5923F6F-5D11-4CF0-9860-B708785319B9}"
EndProject
Project("{FAE04EC0-301F-11D3-BF4B-00C04F79EFBC}") = "MemberManagement.Utility", "MemberManagement.Utility\MemberManagement.Utility.csproj", "{C00828BF-F462-4F9E-887F-6DFD10DDA9DF}"
EndProject
Global
	GlobalSection(SolutionConfigurationPlatforms) = preSolution
		Debug|Any CPU = Debug|Any CPU
		Release|Any CPU = Release|Any CPU
	EndGlobalSection
	GlobalSection(ProjectConfigurationPlatforms) = postSolution
		{40265D53-2B9E-4BE8-87B9-621EFE458189}.Debug|Any CPU.ActiveCfg = Debug|Any CPU
		{40265D53-2B9E-4BE8-87B9-621EFE458189}.Debug|Any CPU.Build.0 = Debug|Any CPU
		{40265D53-2B9E-4BE8-87B9-621EFE458189}.Release|Any CPU.ActiveCfg = Release|Any CPU
		{40265D53-2B9E-4BE8-87B9-621EFE458189}.Release|Any CPU.Build.0 = Release|Any CPU
		{4474F7A3-D390-440D-AE3F-76F5C98953BF}.Debug|Any CPU.ActiveCfg = Debug|Any CPU
		{4474F7A3-D390-440D-AE3F-76F5C98953BF}.Debug|Any CPU.Build.0 = Debug|Any CPU
		{4474F7A3-D390-440D-AE3F-76F5C98953BF}.Release|Any CPU.ActiveCfg = Release|Any CPU
		{4474F7A3-D390-440D-AE3F-76F5C98953BF}.Release|Any CPU.Build.0 = Release|Any CPU
		{A5923F6F-5D11-4CF0-9860-B708785319B9}.Debug|Any CPU.ActiveCfg = Debug|Any CPU
		{A5923F6F-5D11-4CF0-9860-B708785319B9}.Debug|Any CPU.Build.0 = Debug|Any CPU
		{A5923F6F-5D11-4CF0-9860-B708785319B9}.Release|Any CPU.ActiveCfg = Release|Any CPU
		{A5923F6F-5D11-4CF0-9860-B708785319B9}.Release|Any CPU.Build.0 = Release|Any CPU
		{C00828BF-F462-4F9E-887F-6DFD10DDA9DF}.Debug|Any CPU.ActiveCfg = Debug|Any CPU
		{C00828BF-F462-4F9E-887F-6DFD10DDA9DF}.Debug|Any CPU.Build.0 = Debug|Any CPU
		{C00828BF-F462-4F9E-887F-6DFD10DDA9DF}.Release|Any CPU.ActiveCfg = Release|Any CPU
		{C00828BF-F462-4F9E-887F-6DFD10DDA9DF}.Release|Any CPU.Build.0 = Release|Any CPU
	EndGlobalSection
	GlobalSection(SolutionProperties) = preSolution
		HideSolutionNode = FALSE
	EndGlobalSection
	GlobalSection(ExtensibilityGlobals) = postSolution
		SolutionGuid = {3E30DC0C-54D5-40C7-9E12-7D0922B7E5DA}
	EndGlobalSection
EndGlobal
